
Microsoft Visual Studio Solution File, Format Version 12.00
# Visual Studio Version 16
VisualStudioVersion = 16.0.29009.5
MinimumVisualStudioVersion = 10.0.40219.1
Project("{FAE04EC0-301F-11D3-BF4B-00C04F79EFBC}") = "Validation1", "Validation1\Validation1.csproj", "{423ACD49-7B36-4873-B618-AB12C7D51961}"
EndProject
Global
	GlobalSection(SolutionConfigurationPlatforms) = preSolution
		Debug|Any CPU = Debug|Any CPU
		Release|Any CPU = Release|Any CPU
	EndGlobalSection
	GlobalSection(ProjectConfigurationPlatforms) = postSolution
		{423ACD49-7B36-4873-B618-AB12C7D51961}.Debug|Any CPU.ActiveCfg = Debug|Any CPU
		{423ACD49-7B36-4873-B618-AB12C7D51961}.Debug|Any CPU.Build.0 = Debug|Any CPU
		{423ACD49-7B36-4873-B618-AB12C7D51961}.Release|Any CPU.ActiveCfg = Release|Any CPU
		{423ACD49-7B36-4873-B618-AB12C7D51961}.Release|Any CPU.Build.0 = Release|Any CPU
	EndGlobalSection
	GlobalSection(SolutionProperties) = preSolution
		HideSolutionNode = FALSE
	EndGlobalSection
	GlobalSection(ExtensibilityGlobals) = postSolution
		SolutionGuid = {86524EC4-B820-4280-B533-80582652A43D}
	EndGlobalSection
EndGlobal
